
Microsoft Visual Studio Solution File, Format Version 12.00
# Visual Studio Version 17
VisualStudioVersion = 17.8.34525.116
MinimumVisualStudioVersion = 10.0.40219.1
Project("{FAE04EC0-301F-11D3-BF4B-00C04F79EFBC}") = "JourneyMentor.Domain", "JourneyMentor.Domain\JourneyMentor.Domain.csproj", "{F407F218-C8E1-4AEE-A852-F9E5778CB24A}"
EndProject
Project("{FAE04EC0-301F-11D3-BF4B-00C04F79EFBC}") = "JourneyMentor.Application", "JourneyMentor.Application\JourneyMentor.Application.csproj", "{E130063F-DDF8-4331-B7D0-AF7A83D5A187}"
EndProject
Project("{FAE04EC0-301F-11D3-BF4B-00C04F79EFBC}") = "JourneyMentor.Dal", "JourneyMentor.Dal\JourneyMentor.Dal.csproj", "{18C599C8-1D3D-4D93-BC78-25F303E448E2}"
EndProject
Project("{FAE04EC0-301F-11D3-BF4B-00C04F79EFBC}") = "JourneyMentor.Api", "JourneyMentor.Api\JourneyMentor.Api.csproj", "{C60E42C3-82BD-43F0-B5E3-4F4E24495505}"
EndProject
Global
	GlobalSection(SolutionConfigurationPlatforms) = preSolution
		Debug|Any CPU = Debug|Any CPU
		Release|Any CPU = Release|Any CPU
	EndGlobalSection
	GlobalSection(ProjectConfigurationPlatforms) = postSolution
		{F407F218-C8E1-4AEE-A852-F9E5778CB24A}.Debug|Any CPU.ActiveCfg = Debug|Any CPU
		{F407F218-C8E1-4AEE-A852-F9E5778CB24A}.Debug|Any CPU.Build.0 = Debug|Any CPU
		{F407F218-C8E1-4AEE-A852-F9E5778CB24A}.Release|Any CPU.ActiveCfg = Release|Any CPU
		{F407F218-C8E1-4AEE-A852-F9E5778CB24A}.Release|Any CPU.Build.0 = Release|Any CPU
		{E130063F-DDF8-4331-B7D0-AF7A83D5A187}.Debug|Any CPU.ActiveCfg = Debug|Any CPU
		{E130063F-DDF8-4331-B7D0-AF7A83D5A187}.Debug|Any CPU.Build.0 = Debug|Any CPU
		{E130063F-DDF8-4331-B7D0-AF7A83D5A187}.Release|Any CPU.ActiveCfg = Release|Any CPU
		{E130063F-DDF8-4331-B7D0-AF7A83D5A187}.Release|Any CPU.Build.0 = Release|Any CPU
		{18C599C8-1D3D-4D93-BC78-25F303E448E2}.Debug|Any CPU.ActiveCfg = Debug|Any CPU
		{18C599C8-1D3D-4D93-BC78-25F303E448E2}.Debug|Any CPU.Build.0 = Debug|Any CPU
		{18C599C8-1D3D-4D93-BC78-25F303E448E2}.Release|Any CPU.ActiveCfg = Release|Any CPU
		{18C599C8-1D3D-4D93-BC78-25F303E448E2}.Release|Any CPU.Build.0 = Release|Any CPU
		{C60E42C3-82BD-43F0-B5E3-4F4E24495505}.Debug|Any CPU.ActiveCfg = Debug|Any CPU
		{C60E42C3-82BD-43F0-B5E3-4F4E24495505}.Debug|Any CPU.Build.0 = Debug|Any CPU
		{C60E42C3-82BD-43F0-B5E3-4F4E24495505}.Release|Any CPU.ActiveCfg = Release|Any CPU
		{C60E42C3-82BD-43F0-B5E3-4F4E24495505}.Release|Any CPU.Build.0 = Release|Any CPU
	EndGlobalSection
	GlobalSection(SolutionProperties) = preSolution
		HideSolutionNode = FALSE
	EndGlobalSection
	GlobalSection(ExtensibilityGlobals) = postSolution
		SolutionGuid = {9A5D7F6F-FCBE-40A0-9299-72235780B6B7}
	EndGlobalSection
EndGlobal
